// !$*UTF8*$!
{
	archiveVersion = 1;
	classes = {
	};
	objectVersion = 50;
	objects = {

/* Begin PBXBuildFile section */
		529C5C4925EE584600AC5C37 /* AppDelegate.swift in Sources */ = {isa = PBXBuildFile; fileRef = 529C5C4825EE584600AC5C37 /* AppDelegate.swift */; };
		529C5C5225EE584700AC5C37 /* Assets.xcassets in Resources */ = {isa = PBXBuildFile; fileRef = 529C5C5125EE584700AC5C37 /* Assets.xcassets */; };
		529C5C5525EE584700AC5C37 /* LaunchScreen.storyboard in Resources */ = {isa = PBXBuildFile; fileRef = 529C5C5325EE584700AC5C37 /* LaunchScreen.storyboard */; };
		529C5C6425EE58DE00AC5C37 /* TableViewController.swift in Sources */ = {isa = PBXBuildFile; fileRef = 529C5C6325EE58DE00AC5C37 /* TableViewController.swift */; };
		529C5C6925EE5A5E00AC5C37 /* crops.json in Resources */ = {isa = PBXBuildFile; fileRef = 529C5C6825EE5A5E00AC5C37 /* crops.json */; };
		529C5C6E25EE5BF200AC5C37 /* Response.swift in Sources */ = {isa = PBXBuildFile; fileRef = 529C5C6D25EE5BF200AC5C37 /* Response.swift */; };
		529C5C7225EE5C1100AC5C37 /* CropGroup.swift in Sources */ = {isa = PBXBuildFile; fileRef = 529C5C7125EE5C1100AC5C37 /* CropGroup.swift */; };
		529C5C7525EE5C3100AC5C37 /* Crop.swift in Sources */ = {isa = PBXBuildFile; fileRef = 529C5C7425EE5C3100AC5C37 /* Crop.swift */; };
		529C5C7825EE5C4B00AC5C37 /* ServerFileData.swift in Sources */ = {isa = PBXBuildFile; fileRef = 529C5C7725EE5C4B00AC5C37 /* ServerFileData.swift */; };
		529C5C7B25EE5C6000AC5C37 /* PublishDate.swift in Sources */ = {isa = PBXBuildFile; fileRef = 529C5C7A25EE5C6000AC5C37 /* PublishDate.swift */; };
		529C5C7F25EE5C9B00AC5C37 /* SerializationManager.swift in Sources */ = {isa = PBXBuildFile; fileRef = 529C5C7E25EE5C9B00AC5C37 /* SerializationManager.swift */; };
		529C5C8625EE5DFF00AC5C37 /* CropTableViewCell.swift in Sources */ = {isa = PBXBuildFile; fileRef = 529C5C8525EE5DFF00AC5C37 /* CropTableViewCell.swift */; };
/* End PBXBuildFile section */

/* Begin PBXFileReference section */
		529C5C4525EE584600AC5C37 /* tableview_primjer.app */ = {isa = PBXFileReference; explicitFileType = wrapper.application; includeInIndex = 0; path = tableview_primjer.app; sourceTree = BUILT_PRODUCTS_DIR; };
		529C5C4825EE584600AC5C37 /* AppDelegate.swift */ = {isa = PBXFileReference; lastKnownFileType = sourcecode.swift; path = AppDelegate.swift; sourceTree = "<group>"; };
		529C5C5125EE584700AC5C37 /* Assets.xcassets */ = {isa = PBXFileReference; lastKnownFileType = folder.assetcatalog; path = Assets.xcassets; sourceTree = "<group>"; };
		529C5C5425EE584700AC5C37 /* Base */ = {isa = PBXFileReference; lastKnownFileType = file.storyboard; name = Base; path = Base.lproj/LaunchScreen.storyboard; sourceTree = "<group>"; };
		529C5C5625EE584700AC5C37 /* Info.plist */ = {isa = PBXFileReference; lastKnownFileType = text.plist.xml; path = Info.plist; sourceTree = "<group>"; };
		529C5C6325EE58DE00AC5C37 /* TableViewController.swift */ = {isa = PBXFileReference; lastKnownFileType = sourcecode.swift; path = TableViewController.swift; sourceTree = "<group>"; };
		529C5C6825EE5A5E00AC5C37 /* crops.json */ = {isa = PBXFileReference; lastKnownFileType = text.json; path = crops.json; sourceTree = "<group>"; };
		529C5C6D25EE5BF200AC5C37 /* Response.swift */ = {isa = PBXFileReference; lastKnownFileType = sourcecode.swift; path = Response.swift; sourceTree = "<group>"; };
		529C5C7125EE5C1100AC5C37 /* CropGroup.swift */ = {isa = PBXFileReference; lastKnownFileType = sourcecode.swift; path = CropGroup.swift; sourceTree = "<group>"; };
		529C5C7425EE5C3100AC5C37 /* Crop.swift */ = {isa = PBXFileReference; lastKnownFileType = sourcecode.swift; path = Crop.swift; sourceTree = "<group>"; };
		529C5C7725EE5C4B00AC5C37 /* ServerFileData.swift */ = {isa = PBXFileReference; lastKnownFileType = sourcecode.swift; path = ServerFileData.swift; sourceTree = "<group>"; };
		529C5C7A25EE5C6000AC5C37 /* PublishDate.swift */ = {isa = PBXFileReference; lastKnownFileType = sourcecode.swift; path = PublishDate.swift; sourceTree = "<group>"; };
		529C5C7E25EE5C9B00AC5C37 /* SerializationManager.swift */ = {isa = PBXFileReference; lastKnownFileType = sourcecode.swift; path = SerializationManager.swift; sourceTree = "<group>"; };
		529C5C8525EE5DFF00AC5C37 /* CropTableViewCell.swift */ = {isa = PBXFileReference; lastKnownFileType = sourcecode.swift; path = CropTableViewCell.swift; sourceTree = "<group>"; };
/* End PBXFileReference section */

/* Begin PBXFrameworksBuildPhase section */
		529C5C4225EE584600AC5C37 /* Frameworks */ = {
			isa = PBXFrameworksBuildPhase;
			buildActionMask = 2147483647;
			files = (
			);
			runOnlyForDeploymentPostprocessing = 0;
		};
/* End PBXFrameworksBuildPhase section */

/* Begin PBXGroup section */
		529C5C3C25EE584600AC5C37 = {
			isa = PBXGroup;
			children = (
				529C5C4725EE584600AC5C37 /* tableview_primjer */,
				529C5C4625EE584600AC5C37 /* Products */,
			);
			sourceTree = "<group>";
		};
		529C5C4625EE584600AC5C37 /* Products */ = {
			isa = PBXGroup;
			children = (
				529C5C4525EE584600AC5C37 /* tableview_primjer.app */,
			);
			name = Products;
			sourceTree = "<group>";
		};
		529C5C4725EE584600AC5C37 /* tableview_primjer */ = {
			isa = PBXGroup;
			children = (
				529C5C8325EE5DE300AC5C37 /* UI */,
				529C5C7D25EE5C8500AC5C37 /* Utils */,
				529C5C6C25EE5BE600AC5C37 /* Model */,
				529C5C6625EE59FB00AC5C37 /* Assets */,
				529C5C4825EE584600AC5C37 /* AppDelegate.swift */,
				529C5C5125EE584700AC5C37 /* Assets.xcassets */,
				529C5C5325EE584700AC5C37 /* LaunchScreen.storyboard */,
				529C5C5625EE584700AC5C37 /* Info.plist */,
			);
			path = tableview_primjer;
			sourceTree = "<group>";
		};
		529C5C6625EE59FB00AC5C37 /* Assets */ = {
			isa = PBXGroup;
			children = (
				529C5C6725EE5A0000AC5C37 /* JSON */,
			);
			path = Assets;
			sourceTree = "<group>";
		};
		529C5C6725EE5A0000AC5C37 /* JSON */ = {
			isa = PBXGroup;
			children = (
				529C5C6825EE5A5E00AC5C37 /* crops.json */,
			);
			path = JSON;
			sourceTree = "<group>";
		};
		529C5C6C25EE5BE600AC5C37 /* Model */ = {
			isa = PBXGroup;
			children = (
				529C5C7025EE5C0200AC5C37 /* Crops */,
				529C5C6D25EE5BF200AC5C37 /* Response.swift */,
			);
			path = Model;
			sourceTree = "<group>";
		};
		529C5C7025EE5C0200AC5C37 /* Crops */ = {
			isa = PBXGroup;
			children = (
				529C5C7125EE5C1100AC5C37 /* CropGroup.swift */,
				529C5C7425EE5C3100AC5C37 /* Crop.swift */,
				529C5C7725EE5C4B00AC5C37 /* ServerFileData.swift */,
				529C5C7A25EE5C6000AC5C37 /* PublishDate.swift */,
			);
			path = Crops;
			sourceTree = "<group>";
		};
		529C5C7D25EE5C8500AC5C37 /* Utils */ = {
			isa = PBXGroup;
			children = (
				529C5C7E25EE5C9B00AC5C37 /* SerializationManager.swift */,
			);
			path = Utils;
			sourceTree = "<group>";
		};
		529C5C8325EE5DE300AC5C37 /* UI */ = {
			isa = PBXGroup;
			children = (
				529C5C8425EE5DEF00AC5C37 /* Cell */,
				529C5C6325EE58DE00AC5C37 /* TableViewController.swift */,
			);
			path = UI;
			sourceTree = "<group>";
		};
		529C5C8425EE5DEF00AC5C37 /* Cell */ = {
			isa = PBXGroup;
			children = (
				529C5C8525EE5DFF00AC5C37 /* CropTableViewCell.swift */,
			);
			name = Cell;
			sourceTree = "<group>";
		};
/* End PBXGroup section */

/* Begin PBXNativeTarget section */
		529C5C4425EE584600AC5C37 /* tableview_primjer */ = {
			isa = PBXNativeTarget;
			buildConfigurationList = 529C5C5925EE584700AC5C37 /* Build configuration list for PBXNativeTarget "tableview_primjer" */;
			buildPhases = (
				529C5C4125EE584600AC5C37 /* Sources */,
				529C5C4225EE584600AC5C37 /* Frameworks */,
				529C5C4325EE584600AC5C37 /* Resources */,
			);
			buildRules = (
			);
			dependencies = (
			);
			name = tableview_primjer;
			productName = tableview_primjer;
			productReference = 529C5C4525EE584600AC5C37 /* tableview_primjer.app */;
			productType = "com.apple.product-type.application";
		};
/* End PBXNativeTarget section */

/* Begin PBXProject section */
		529C5C3D25EE584600AC5C37 /* Project object */ = {
			isa = PBXProject;
			attributes = {
				LastSwiftUpdateCheck = 1240;
				LastUpgradeCheck = 1240;
				TargetAttributes = {
					529C5C4425EE584600AC5C37 = {
						CreatedOnToolsVersion = 12.4;
					};
				};
			};
			buildConfigurationList = 529C5C4025EE584600AC5C37 /* Build configuration list for PBXProject "tableview_primjer" */;
			compatibilityVersion = "Xcode 9.3";
			developmentRegion = en;
			hasScannedForEncodings = 0;
			knownRegions = (
				en,
				Base,
			);
			mainGroup = 529C5C3C25EE584600AC5C37;
			productRefGroup = 529C5C4625EE584600AC5C37 /* Products */;
			projectDirPath = "";
			projectRoot = "";
			targets = (
				529C5C4425EE584600AC5C37 /* tableview_primjer */,
			);
		};
/* End PBXProject section */

/* Begin PBXResourcesBuildPhase section */
		529C5C4325EE584600AC5C37 /* Resources */ = {
			isa = PBXResourcesBuildPhase;
			buildActionMask = 2147483647;
			files = (
				529C5C5525EE584700AC5C37 /* LaunchScreen.storyboard in Resources */,
				529C5C5225EE584700AC5C37 /* Assets.xcassets in Resources */,
				529C5C6925EE5A5E00AC5C37 /* crops.json in Resources */,
			);
			runOnlyForDeploymentPostprocessing = 0;
		};
/* End PBXResourcesBuildPhase section */

/* Begin PBXSourcesBuildPhase section */
		529C5C4125EE584600AC5C37 /* Sources */ = {
			isa = PBXSourcesBuildPhase;
			buildActionMask = 2147483647;
			files = (
				529C5C8625EE5DFF00AC5C37 /* CropTableViewCell.swift in Sources */,
				529C5C7825EE5C4B00AC5C37 /* ServerFileData.swift in Sources */,
				529C5C4925EE584600AC5C37 /* AppDelegate.swift in Sources */,
				529C5C7B25EE5C6000AC5C37 /* PublishDate.swift in Sources */,
				529C5C6E25EE5BF200AC5C37 /* Response.swift in Sources */,
				529C5C6425EE58DE00AC5C37 /* TableViewController.swift in Sources */,
				529C5C7225EE5C1100AC5C37 /* CropGroup.swift in Sources */,
				529C5C7F25EE5C9B00AC5C37 /* SerializationManager.swift in Sources */,
				529C5C7525EE5C3100AC5C37 /* Crop.swift in Sources */,
			);
			runOnlyForDeploymentPostprocessing = 0;
		};
/* End PBXSourcesBuildPhase section */

/* Begin PBXVariantGroup section */
		529C5C5325EE584700AC5C37 /* LaunchScreen.storyboard */ = {
			isa = PBXVariantGroup;
			children = (
				529C5C5425EE584700AC5C37 /* Base */,
			);
			name = LaunchScreen.storyboard;
			sourceTree = "<group>";
		};
/* End PBXVariantGroup section */

/* Begin XCBuildConfiguration section */
		529C5C5725EE584700AC5C37 /* Debug */ = {
			isa = XCBuildConfiguration;
			buildSettings = {
				ALWAYS_SEARCH_USER_PATHS = NO;
				CLANG_ANALYZER_NONNULL = YES;
				CLANG_ANALYZER_NUMBER_OBJECT_CONVERSION = YES_AGGRESSIVE;
				CLANG_CXX_LANGUAGE_STANDARD = "gnu++14";
				CLANG_CXX_LIBRARY = "libc++";
				CLANG_ENABLE_MODULES = YES;
				CLANG_ENABLE_OBJC_ARC = YES;
				CLANG_ENABLE_OBJC_WEAK = YES;
				CLANG_WARN_BLOCK_CAPTURE_AUTORELEASING = YES;
				CLANG_WARN_BOOL_CONVERSION = YES;
				CLANG_WARN_COMMA = YES;
				CLANG_WARN_CONSTANT_CONVERSION = YES;
				CLANG_WARN_DEPRECATED_OBJC_IMPLEMENTATIONS = YES;
				CLANG_WARN_DIRECT_OBJC_ISA_USAGE = YES_ERROR;
				CLANG_WARN_DOCUMENTATION_COMMENTS = YES;
				CLANG_WARN_EMPTY_BODY = YES;
				CLANG_WARN_ENUM_CONVERSION = YES;
				CLANG_WARN_INFINITE_RECURSION = YES;
				CLANG_WARN_INT_CONVERSION = YES;
				CLANG_WARN_NON_LITERAL_NULL_CONVERSION = YES;
				CLANG_WARN_OBJC_IMPLICIT_RETAIN_SELF = YES;
				CLANG_WARN_OBJC_LITERAL_CONVERSION = YES;
				CLANG_WARN_OBJC_ROOT_CLASS = YES_ERROR;
				CLANG_WARN_QUOTED_INCLUDE_IN_FRAMEWORK_HEADER = YES;
				CLANG_WARN_RANGE_LOOP_ANALYSIS = YES;
				CLANG_WARN_STRICT_PROTOTYPES = YES;
				CLANG_WARN_SUSPICIOUS_MOVE = YES;
				CLANG_WARN_UNGUARDED_AVAILABILITY = YES_AGGRESSIVE;
				CLANG_WARN_UNREACHABLE_CODE = YES;
				CLANG_WARN__DUPLICATE_METHOD_MATCH = YES;
				COPY_PHASE_STRIP = NO;
				DEBUG_INFORMATION_FORMAT = dwarf;
				ENABLE_STRICT_OBJC_MSGSEND = YES;
				ENABLE_TESTABILITY = YES;
				GCC_C_LANGUAGE_STANDARD = gnu11;
				GCC_DYNAMIC_NO_PIC = NO;
				GCC_NO_COMMON_BLOCKS = YES;
				GCC_OPTIMIZATION_LEVEL = 0;
				GCC_PREPROCESSOR_DEFINITIONS = (
					"DEBUG=1",
					"$(inherited)",
				);
				GCC_WARN_64_TO_32_BIT_CONVERSION = YES;
				GCC_WARN_ABOUT_RETURN_TYPE = YES_ERROR;
				GCC_WARN_UNDECLARED_SELECTOR = YES;
				GCC_WARN_UNINITIALIZED_AUTOS = YES_AGGRESSIVE;
				GCC_WARN_UNUSED_FUNCTION = YES;
				GCC_WARN_UNUSED_VARIABLE = YES;
				IPHONEOS_DEPLOYMENT_TARGET = 14.4;
				MTL_ENABLE_DEBUG_INFO = INCLUDE_SOURCE;
				MTL_FAST_MATH = YES;
				ONLY_ACTIVE_ARCH = YES;
				SDKROOT = iphoneos;
				SWIFT_ACTIVE_COMPILATION_CONDITIONS = DEBUG;
				SWIFT_OPTIMIZATION_LEVEL = "-Onone";
			};
			name = Debug;
		};
		529C5C5825EE584700AC5C37 /* Release */ = {
			isa = XCBuildConfiguration;
			buildSettings = {
				ALWAYS_SEARCH_USER_PATHS = NO;
				CLANG_ANALYZER_NONNULL = YES;
				CLANG_ANALYZER_NUMBER_OBJECT_CONVERSION = YES_AGGRESSIVE;
				CLANG_CXX_LANGUAGE_STANDARD = "gnu++14";
				CLANG_CXX_LIBRARY = "libc++";
				CLANG_ENABLE_MODULES = YES;
				CLANG_ENABLE_OBJC_ARC = YES;
				CLANG_ENABLE_OBJC_WEAK = YES;
				CLANG_WARN_BLOCK_CAPTURE_AUTORELEASING = YES;
				CLANG_WARN_BOOL_CONVERSION = YES;
				CLANG_WARN_COMMA = YES;
				CLANG_WARN_CONSTANT_CONVERSION = YES;
				CLANG_WARN_DEPRECATED_OBJC_IMPLEMENTATIONS = YES;
				CLANG_WARN_DIRECT_OBJC_ISA_USAGE = YES_ERROR;
				CLANG_WARN_DOCUMENTATION_COMMENTS = YES;
				CLANG_WARN_EMPTY_BODY = YES;
				CLANG_WARN_ENUM_CONVERSION = YES;
				CLANG_WARN_INFINITE_RECURSION = YES;
				CLANG_WARN_INT_CONVERSION = YES;
				CLANG_WARN_NON_LITERAL_NULL_CONVERSION = YES;
				CLANG_WARN_OBJC_IMPLICIT_RETAIN_SELF = YES;
				CLANG_WARN_OBJC_LITERAL_CONVERSION = YES;
				CLANG_WARN_OBJC_ROOT_CLASS = YES_ERROR;
				CLANG_WARN_QUOTED_INCLUDE_IN_FRAMEWORK_HEADER = YES;
				CLANG_WARN_RANGE_LOOP_ANALYSIS = YES;
				CLANG_WARN_STRICT_PROTOTYPES = YES;
				CLANG_WARN_SUSPICIOUS_MOVE = YES;
				CLANG_WARN_UNGUARDED_AVAILABILITY = YES_AGGRESSIVE;
				CLANG_WARN_UNREACHABLE_CODE = YES;
				CLANG_WARN__DUPLICATE_METHOD_MATCH = YES;
				COPY_PHASE_STRIP = NO;
				DEBUG_INFORMATION_FORMAT = "dwarf-with-dsym";
				ENABLE_NS_ASSERTIONS = NO;
				ENABLE_STRICT_OBJC_MSGSEND = YES;
				GCC_C_LANGUAGE_STANDARD = gnu11;
				GCC_NO_COMMON_BLOCKS = YES;
				GCC_WARN_64_TO_32_BIT_CONVERSION = YES;
				GCC_WARN_ABOUT_RETURN_TYPE = YES_ERROR;
				GCC_WARN_UNDECLARED_SELECTOR = YES;
				GCC_WARN_UNINITIALIZED_AUTOS = YES_AGGRESSIVE;
				GCC_WARN_UNUSED_FUNCTION = YES;
				GCC_WARN_UNUSED_VARIABLE = YES;
				IPHONEOS_DEPLOYMENT_TARGET = 14.4;
				MTL_ENABLE_DEBUG_INFO = NO;
				MTL_FAST_MATH = YES;
				SDKROOT = iphoneos;
				SWIFT_COMPILATION_MODE = wholemodule;
				SWIFT_OPTIMIZATION_LEVEL = "-O";
				VALIDATE_PRODUCT = YES;
			};
			name = Release;
		};
		529C5C5A25EE584700AC5C37 /* Debug */ = {
			isa = XCBuildConfiguration;
			buildSettings = {
				ASSETCATALOG_COMPILER_APPICON_NAME = AppIcon;
				ASSETCATALOG_COMPILER_GLOBAL_ACCENT_COLOR_NAME = AccentColor;
				CODE_SIGN_STYLE = Automatic;
				INFOPLIST_FILE = tableview_primjer/Info.plist;
				LD_RUNPATH_SEARCH_PATHS = (
					"$(inherited)",
					"@executable_path/Frameworks",
				);
				PRODUCT_BUNDLE_IDENTIFIER = "zvonimir.tableview-primjer";
				PRODUCT_NAME = "$(TARGET_NAME)";
				SWIFT_VERSION = 5.0;
				TARGETED_DEVICE_FAMILY = "1,2";
			};
			name = Debug;
		};
		529C5C5B25EE584700AC5C37 /* Release */ = {
			isa = XCBuildConfiguration;
			buildSettings = {
				ASSETCATALOG_COMPILER_APPICON_NAME = AppIcon;
				ASSETCATALOG_COMPILER_GLOBAL_ACCENT_COLOR_NAME = AccentColor;
				CODE_SIGN_STYLE = Automatic;
				INFOPLIST_FILE = tableview_primjer/Info.plist;
				LD_RUNPATH_SEARCH_PATHS = (
					"$(inherited)",
					"@executable_path/Frameworks",
				);
				PRODUCT_BUNDLE_IDENTIFIER = "zvonimir.tableview-primjer";
				PRODUCT_NAME = "$(TARGET_NAME)";
				SWIFT_VERSION = 5.0;
				TARGETED_DEVICE_FAMILY = "1,2";
			};
			name = Release;
		};
/* End XCBuildConfiguration section */

/* Begin XCConfigurationList section */
		529C5C4025EE584600AC5C37 /* Build configuration list for PBXProject "tableview_primjer" */ = {
			isa = XCConfigurationList;
			buildConfigurations = (
				529C5C5725EE584700AC5C37 /* Debug */,
				529C5C5825EE584700AC5C37 /* Release */,
			);
			defaultConfigurationIsVisible = 0;
			defaultConfigurationName = Release;
		};
		529C5C5925EE584700AC5C37 /* Build configuration list for PBXNativeTarget "tableview_primjer" */ = {
			isa = XCConfigurationList;
			buildConfigurations = (
				529C5C5A25EE584700AC5C37 /* Debug */,
				529C5C5B25EE584700AC5C37 /* Release */,
			);
			defaultConfigurationIsVisible = 0;
			defaultConfigurationName = Release;
		};
/* End XCConfigurationList section */
	};
	rootObject = 529C5C3D25EE584600AC5C37 /* Project object */;
}
