// !$*UTF8*$!
{
	archiveVersion = 1;
	classes = {
	};
	objectVersion = 51;
	objects = {

/* Begin PBXBuildFile section */
		613C15EBAD0B0E678F37D51F /* Pods_RxExercise.framework in Frameworks */ = {isa = PBXBuildFile; fileRef = 9E7D928470A5DC52132C8C38 /* Pods_RxExercise.framework */; };
		9F4DFDCE26AB0CC000CC7748 /* Notes.rtf in Resources */ = {isa = PBXBuildFile; fileRef = 9F4DFDCD26AB0CC000CC7748 /* Notes.rtf */; };
		9FF2204526A8371100D017D9 /* AppDelegate.swift in Sources */ = {isa = PBXBuildFile; fileRef = 9FF2204426A8371100D017D9 /* AppDelegate.swift */; };
		9FF2204926A8371100D017D9 /* ViewController.swift in Sources */ = {isa = PBXBuildFile; fileRef = 9FF2204826A8371100D017D9 /* ViewController.swift */; };
		9FF2204E26A8371300D017D9 /* Assets.xcassets in Resources */ = {isa = PBXBuildFile; fileRef = 9FF2204D26A8371300D017D9 /* Assets.xcassets */; };
		9FF2205126A8371300D017D9 /* LaunchScreen.storyboard in Resources */ = {isa = PBXBuildFile; fileRef = 9FF2204F26A8371300D017D9 /* LaunchScreen.storyboard */; };
		9FF2207A26A8440900D017D9 /* SupportCode.swift in Sources */ = {isa = PBXBuildFile; fileRef = 9FF2207926A8440900D017D9 /* SupportCode.swift */; };
/* End PBXBuildFile section */

/* Begin PBXFileReference section */
		8FC3D281326B3B767253A459 /* Pods-RxExercise.release.xcconfig */ = {isa = PBXFileReference; includeInIndex = 1; lastKnownFileType = text.xcconfig; name = "Pods-RxExercise.release.xcconfig"; path = "Target Support Files/Pods-RxExercise/Pods-RxExercise.release.xcconfig"; sourceTree = "<group>"; };
		9331541BF8E6540BC8CCA3F1 /* Pods-RxExercise.debug.xcconfig */ = {isa = PBXFileReference; includeInIndex = 1; lastKnownFileType = text.xcconfig; name = "Pods-RxExercise.debug.xcconfig"; path = "Target Support Files/Pods-RxExercise/Pods-RxExercise.debug.xcconfig"; sourceTree = "<group>"; };
		9E7D928470A5DC52132C8C38 /* Pods_RxExercise.framework */ = {isa = PBXFileReference; explicitFileType = wrapper.framework; includeInIndex = 0; path = Pods_RxExercise.framework; sourceTree = BUILT_PRODUCTS_DIR; };
		9F4DFDCD26AB0CC000CC7748 /* Notes.rtf */ = {isa = PBXFileReference; lastKnownFileType = text.rtf; path = Notes.rtf; sourceTree = "<group>"; };
		9FF2204126A8371100D017D9 /* RxExercise.app */ = {isa = PBXFileReference; explicitFileType = wrapper.application; includeInIndex = 0; path = RxExercise.app; sourceTree = BUILT_PRODUCTS_DIR; };
		9FF2204426A8371100D017D9 /* AppDelegate.swift */ = {isa = PBXFileReference; lastKnownFileType = sourcecode.swift; path = AppDelegate.swift; sourceTree = "<group>"; };
		9FF2204826A8371100D017D9 /* ViewController.swift */ = {isa = PBXFileReference; lastKnownFileType = sourcecode.swift; path = ViewController.swift; sourceTree = "<group>"; };
		9FF2204D26A8371300D017D9 /* Assets.xcassets */ = {isa = PBXFileReference; lastKnownFileType = folder.assetcatalog; path = Assets.xcassets; sourceTree = "<group>"; };
		9FF2205026A8371300D017D9 /* Base */ = {isa = PBXFileReference; lastKnownFileType = file.storyboard; name = Base; path = Base.lproj/LaunchScreen.storyboard; sourceTree = "<group>"; };
		9FF2205226A8371300D017D9 /* Info.plist */ = {isa = PBXFileReference; lastKnownFileType = text.plist.xml; path = Info.plist; sourceTree = "<group>"; };
		9FF2207926A8440900D017D9 /* SupportCode.swift */ = {isa = PBXFileReference; lastKnownFileType = sourcecode.swift; path = SupportCode.swift; sourceTree = "<group>"; };
/* End PBXFileReference section */

/* Begin PBXFrameworksBuildPhase section */
		9FF2203E26A8371100D017D9 /* Frameworks */ = {
			isa = PBXFrameworksBuildPhase;
			buildActionMask = 2147483647;
			files = (
				613C15EBAD0B0E678F37D51F /* Pods_RxExercise.framework in Frameworks */,
			);
			runOnlyForDeploymentPostprocessing = 0;
		};
/* End PBXFrameworksBuildPhase section */

/* Begin PBXGroup section */
		9FF2203826A8371100D017D9 = {
			isa = PBXGroup;
			children = (
				9FF2204326A8371100D017D9 /* RxExercise */,
				9FF2204226A8371100D017D9 /* Products */,
				B03C885CCDBB012ABD81CE11 /* Pods */,
				EF84F448C4361438D5959AC5 /* Frameworks */,
			);
			sourceTree = "<group>";
		};
		9FF2204226A8371100D017D9 /* Products */ = {
			isa = PBXGroup;
			children = (
				9FF2204126A8371100D017D9 /* RxExercise.app */,
			);
			name = Products;
			sourceTree = "<group>";
		};
		9FF2204326A8371100D017D9 /* RxExercise */ = {
			isa = PBXGroup;
			children = (
				9FF2204426A8371100D017D9 /* AppDelegate.swift */,
				9FF2204826A8371100D017D9 /* ViewController.swift */,
				9FF2204D26A8371300D017D9 /* Assets.xcassets */,
				9FF2204F26A8371300D017D9 /* LaunchScreen.storyboard */,
				9FF2205226A8371300D017D9 /* Info.plist */,
				9FF2207926A8440900D017D9 /* SupportCode.swift */,
				9F4DFDCD26AB0CC000CC7748 /* Notes.rtf */,
			);
			path = RxExercise;
			sourceTree = "<group>";
		};
		B03C885CCDBB012ABD81CE11 /* Pods */ = {
			isa = PBXGroup;
			children = (
				9331541BF8E6540BC8CCA3F1 /* Pods-RxExercise.debug.xcconfig */,
				8FC3D281326B3B767253A459 /* Pods-RxExercise.release.xcconfig */,
			);
			path = Pods;
			sourceTree = "<group>";
		};
		EF84F448C4361438D5959AC5 /* Frameworks */ = {
			isa = PBXGroup;
			children = (
				9E7D928470A5DC52132C8C38 /* Pods_RxExercise.framework */,
			);
			name = Frameworks;
			sourceTree = "<group>";
		};
/* End PBXGroup section */

/* Begin PBXNativeTarget section */
		9FF2204026A8371100D017D9 /* RxExercise */ = {
			isa = PBXNativeTarget;
			buildConfigurationList = 9FF2205526A8371300D017D9 /* Build configuration list for PBXNativeTarget "RxExercise" */;
			buildPhases = (
				28A4B160231B604128283E30 /* [CP] Check Pods Manifest.lock */,
				9FF2203D26A8371100D017D9 /* Sources */,
				9FF2203E26A8371100D017D9 /* Frameworks */,
				9FF2203F26A8371100D017D9 /* Resources */,
				EE9D2F475A66DC0AF5749FF2 /* [CP] Embed Pods Frameworks */,
			);
			buildRules = (
			);
			dependencies = (
			);
			name = RxExercise;
			productName = RxExercise;
			productReference = 9FF2204126A8371100D017D9 /* RxExercise.app */;
			productType = "com.apple.product-type.application";
		};
/* End PBXNativeTarget section */

/* Begin PBXProject section */
		9FF2203926A8371100D017D9 /* Project object */ = {
			isa = PBXProject;
			attributes = {
				LastSwiftUpdateCheck = 1250;
				LastUpgradeCheck = 1250;
				TargetAttributes = {
					9FF2204026A8371100D017D9 = {
						CreatedOnToolsVersion = 12.5.1;
					};
				};
			};
			buildConfigurationList = 9FF2203C26A8371100D017D9 /* Build configuration list for PBXProject "RxExercise" */;
			compatibilityVersion = "Xcode 9.3";
			developmentRegion = en;
			hasScannedForEncodings = 0;
			knownRegions = (
				en,
				Base,
			);
			mainGroup = 9FF2203826A8371100D017D9;
			productRefGroup = 9FF2204226A8371100D017D9 /* Products */;
			projectDirPath = "";
			projectRoot = "";
			targets = (
				9FF2204026A8371100D017D9 /* RxExercise */,
			);
		};
/* End PBXProject section */

/* Begin PBXResourcesBuildPhase section */
		9FF2203F26A8371100D017D9 /* Resources */ = {
			isa = PBXResourcesBuildPhase;
			buildActionMask = 2147483647;
			files = (
				9FF2205126A8371300D017D9 /* LaunchScreen.storyboard in Resources */,
				9F4DFDCE26AB0CC000CC7748 /* Notes.rtf in Resources */,
				9FF2204E26A8371300D017D9 /* Assets.xcassets in Resources */,
			);
			runOnlyForDeploymentPostprocessing = 0;
		};
/* End PBXResourcesBuildPhase section */

/* Begin PBXShellScriptBuildPhase section */
		28A4B160231B604128283E30 /* [CP] Check Pods Manifest.lock */ = {
			isa = PBXShellScriptBuildPhase;
			buildActionMask = 2147483647;
			files = (
			);
			inputFileListPaths = (
			);
			inputPaths = (
				"${PODS_PODFILE_DIR_PATH}/Podfile.lock",
				"${PODS_ROOT}/Manifest.lock",
			);
			name = "[CP] Check Pods Manifest.lock";
			outputFileListPaths = (
			);
			outputPaths = (
				"$(DERIVED_FILE_DIR)/Pods-RxExercise-checkManifestLockResult.txt",
			);
			runOnlyForDeploymentPostprocessing = 0;
			shellPath = /bin/sh;
			shellScript = "diff \"${PODS_PODFILE_DIR_PATH}/Podfile.lock\" \"${PODS_ROOT}/Manifest.lock\" > /dev/null\nif [ $? != 0 ] ; then\n    # print error to STDERR\n    echo \"error: The sandbox is not in sync with the Podfile.lock. Run 'pod install' or update your CocoaPods installation.\" >&2\n    exit 1\nfi\n# This output is used by Xcode 'outputs' to avoid re-running this script phase.\necho \"SUCCESS\" > \"${SCRIPT_OUTPUT_FILE_0}\"\n";
			showEnvVarsInLog = 0;
		};
		EE9D2F475A66DC0AF5749FF2 /* [CP] Embed Pods Frameworks */ = {
			isa = PBXShellScriptBuildPhase;
			buildActionMask = 2147483647;
			files = (
			);
			inputFileListPaths = (
				"${PODS_ROOT}/Target Support Files/Pods-RxExercise/Pods-RxExercise-frameworks-${CONFIGURATION}-input-files.xcfilelist",
			);
			name = "[CP] Embed Pods Frameworks";
			outputFileListPaths = (
				"${PODS_ROOT}/Target Support Files/Pods-RxExercise/Pods-RxExercise-frameworks-${CONFIGURATION}-output-files.xcfilelist",
			);
			runOnlyForDeploymentPostprocessing = 0;
			shellPath = /bin/sh;
			shellScript = "\"${PODS_ROOT}/Target Support Files/Pods-RxExercise/Pods-RxExercise-frameworks.sh\"\n";
			showEnvVarsInLog = 0;
		};
/* End PBXShellScriptBuildPhase section */

/* Begin PBXSourcesBuildPhase section */
		9FF2203D26A8371100D017D9 /* Sources */ = {
			isa = PBXSourcesBuildPhase;
			buildActionMask = 2147483647;
			files = (
				9FF2204926A8371100D017D9 /* ViewController.swift in Sources */,
				9FF2204526A8371100D017D9 /* AppDelegate.swift in Sources */,
				9FF2207A26A8440900D017D9 /* SupportCode.swift in Sources */,
			);
			runOnlyForDeploymentPostprocessing = 0;
		};
/* End PBXSourcesBuildPhase section */

/* Begin PBXVariantGroup section */
		9FF2204F26A8371300D017D9 /* LaunchScreen.storyboard */ = {
			isa = PBXVariantGroup;
			children = (
				9FF2205026A8371300D017D9 /* Base */,
			);
			name = LaunchScreen.storyboard;
			sourceTree = "<group>";
		};
/* End PBXVariantGroup section */

/* Begin XCBuildConfiguration section */
		9FF2205326A8371300D017D9 /* Debug */ = {
			isa = XCBuildConfiguration;
			buildSettings = {
				ALWAYS_SEARCH_USER_PATHS = NO;
				CLANG_ANALYZER_NONNULL = YES;
				CLANG_ANALYZER_NUMBER_OBJECT_CONVERSION = YES_AGGRESSIVE;
				CLANG_CXX_LANGUAGE_STANDARD = "gnu++14";
				CLANG_CXX_LIBRARY = "libc++";
				CLANG_ENABLE_MODULES = YES;
				CLANG_ENABLE_OBJC_ARC = YES;
				CLANG_ENABLE_OBJC_WEAK = YES;
				CLANG_WARN_BLOCK_CAPTURE_AUTORELEASING = YES;
				CLANG_WARN_BOOL_CONVERSION = YES;
				CLANG_WARN_COMMA = YES;
				CLANG_WARN_CONSTANT_CONVERSION = YES;
				CLANG_WARN_DEPRECATED_OBJC_IMPLEMENTATIONS = YES;
				CLANG_WARN_DIRECT_OBJC_ISA_USAGE = YES_ERROR;
				CLANG_WARN_DOCUMENTATION_COMMENTS = YES;
				CLANG_WARN_EMPTY_BODY = YES;
				CLANG_WARN_ENUM_CONVERSION = YES;
				CLANG_WARN_INFINITE_RECURSION = YES;
				CLANG_WARN_INT_CONVERSION = YES;
				CLANG_WARN_NON_LITERAL_NULL_CONVERSION = YES;
				CLANG_WARN_OBJC_IMPLICIT_RETAIN_SELF = YES;
				CLANG_WARN_OBJC_LITERAL_CONVERSION = YES;
				CLANG_WARN_OBJC_ROOT_CLASS = YES_ERROR;
				CLANG_WARN_QUOTED_INCLUDE_IN_FRAMEWORK_HEADER = YES;
				CLANG_WARN_RANGE_LOOP_ANALYSIS = YES;
				CLANG_WARN_STRICT_PROTOTYPES = YES;
				CLANG_WARN_SUSPICIOUS_MOVE = YES;
				CLANG_WARN_UNGUARDED_AVAILABILITY = YES_AGGRESSIVE;
				CLANG_WARN_UNREACHABLE_CODE = YES;
				CLANG_WARN__DUPLICATE_METHOD_MATCH = YES;
				COPY_PHASE_STRIP = NO;
				DEBUG_INFORMATION_FORMAT = dwarf;
				ENABLE_STRICT_OBJC_MSGSEND = YES;
				ENABLE_TESTABILITY = YES;
				GCC_C_LANGUAGE_STANDARD = gnu11;
				GCC_DYNAMIC_NO_PIC = NO;
				GCC_NO_COMMON_BLOCKS = YES;
				GCC_OPTIMIZATION_LEVEL = 0;
				GCC_PREPROCESSOR_DEFINITIONS = (
					"DEBUG=1",
					"$(inherited)",
				);
				GCC_WARN_64_TO_32_BIT_CONVERSION = YES;
				GCC_WARN_ABOUT_RETURN_TYPE = YES_ERROR;
				GCC_WARN_UNDECLARED_SELECTOR = YES;
				GCC_WARN_UNINITIALIZED_AUTOS = YES_AGGRESSIVE;
				GCC_WARN_UNUSED_FUNCTION = YES;
				GCC_WARN_UNUSED_VARIABLE = YES;
				IPHONEOS_DEPLOYMENT_TARGET = 14.5;
				MTL_ENABLE_DEBUG_INFO = INCLUDE_SOURCE;
				MTL_FAST_MATH = YES;
				ONLY_ACTIVE_ARCH = YES;
				SDKROOT = iphoneos;
				SWIFT_ACTIVE_COMPILATION_CONDITIONS = DEBUG;
				SWIFT_OPTIMIZATION_LEVEL = "-Onone";
			};
			name = Debug;
		};
		9FF2205426A8371300D017D9 /* Release */ = {
			isa = XCBuildConfiguration;
			buildSettings = {
				ALWAYS_SEARCH_USER_PATHS = NO;
				CLANG_ANALYZER_NONNULL = YES;
				CLANG_ANALYZER_NUMBER_OBJECT_CONVERSION = YES_AGGRESSIVE;
				CLANG_CXX_LANGUAGE_STANDARD = "gnu++14";
				CLANG_CXX_LIBRARY = "libc++";
				CLANG_ENABLE_MODULES = YES;
				CLANG_ENABLE_OBJC_ARC = YES;
				CLANG_ENABLE_OBJC_WEAK = YES;
				CLANG_WARN_BLOCK_CAPTURE_AUTORELEASING = YES;
				CLANG_WARN_BOOL_CONVERSION = YES;
				CLANG_WARN_COMMA = YES;
				CLANG_WARN_CONSTANT_CONVERSION = YES;
				CLANG_WARN_DEPRECATED_OBJC_IMPLEMENTATIONS = YES;
				CLANG_WARN_DIRECT_OBJC_ISA_USAGE = YES_ERROR;
				CLANG_WARN_DOCUMENTATION_COMMENTS = YES;
				CLANG_WARN_EMPTY_BODY = YES;
				CLANG_WARN_ENUM_CONVERSION = YES;
				CLANG_WARN_INFINITE_RECURSION = YES;
				CLANG_WARN_INT_CONVERSION = YES;
				CLANG_WARN_NON_LITERAL_NULL_CONVERSION = YES;
				CLANG_WARN_OBJC_IMPLICIT_RETAIN_SELF = YES;
				CLANG_WARN_OBJC_LITERAL_CONVERSION = YES;
				CLANG_WARN_OBJC_ROOT_CLASS = YES_ERROR;
				CLANG_WARN_QUOTED_INCLUDE_IN_FRAMEWORK_HEADER = YES;
				CLANG_WARN_RANGE_LOOP_ANALYSIS = YES;
				CLANG_WARN_STRICT_PROTOTYPES = YES;
				CLANG_WARN_SUSPICIOUS_MOVE = YES;
				CLANG_WARN_UNGUARDED_AVAILABILITY = YES_AGGRESSIVE;
				CLANG_WARN_UNREACHABLE_CODE = YES;
				CLANG_WARN__DUPLICATE_METHOD_MATCH = YES;
				COPY_PHASE_STRIP = NO;
				DEBUG_INFORMATION_FORMAT = "dwarf-with-dsym";
				ENABLE_NS_ASSERTIONS = NO;
				ENABLE_STRICT_OBJC_MSGSEND = YES;
				GCC_C_LANGUAGE_STANDARD = gnu11;
				GCC_NO_COMMON_BLOCKS = YES;
				GCC_WARN_64_TO_32_BIT_CONVERSION = YES;
				GCC_WARN_ABOUT_RETURN_TYPE = YES_ERROR;
				GCC_WARN_UNDECLARED_SELECTOR = YES;
				GCC_WARN_UNINITIALIZED_AUTOS = YES_AGGRESSIVE;
				GCC_WARN_UNUSED_FUNCTION = YES;
				GCC_WARN_UNUSED_VARIABLE = YES;
				IPHONEOS_DEPLOYMENT_TARGET = 14.5;
				MTL_ENABLE_DEBUG_INFO = NO;
				MTL_FAST_MATH = YES;
				SDKROOT = iphoneos;
				SWIFT_COMPILATION_MODE = wholemodule;
				SWIFT_OPTIMIZATION_LEVEL = "-O";
				VALIDATE_PRODUCT = YES;
			};
			name = Release;
		};
		9FF2205626A8371300D017D9 /* Debug */ = {
			isa = XCBuildConfiguration;
			baseConfigurationReference = 9331541BF8E6540BC8CCA3F1 /* Pods-RxExercise.debug.xcconfig */;
			buildSettings = {
				ASSETCATALOG_COMPILER_APPICON_NAME = AppIcon;
				ASSETCATALOG_COMPILER_GLOBAL_ACCENT_COLOR_NAME = AccentColor;
				CODE_SIGN_STYLE = Automatic;
				INFOPLIST_FILE = RxExercise/Info.plist;
				LD_RUNPATH_SEARCH_PATHS = (
					"$(inherited)",
					"@executable_path/Frameworks",
				);
				PRODUCT_BUNDLE_IDENTIFIER = ungar.RxExercise;
				PRODUCT_NAME = "$(TARGET_NAME)";
				SWIFT_VERSION = 5.0;
				TARGETED_DEVICE_FAMILY = "1,2";
			};
			name = Debug;
		};
		9FF2205726A8371300D017D9 /* Release */ = {
			isa = XCBuildConfiguration;
			baseConfigurationReference = 8FC3D281326B3B767253A459 /* Pods-RxExercise.release.xcconfig */;
			buildSettings = {
				ASSETCATALOG_COMPILER_APPICON_NAME = AppIcon;
				ASSETCATALOG_COMPILER_GLOBAL_ACCENT_COLOR_NAME = AccentColor;
				CODE_SIGN_STYLE = Automatic;
				INFOPLIST_FILE = RxExercise/Info.plist;
				LD_RUNPATH_SEARCH_PATHS = (
					"$(inherited)",
					"@executable_path/Frameworks",
				);
				PRODUCT_BUNDLE_IDENTIFIER = ungar.RxExercise;
				PRODUCT_NAME = "$(TARGET_NAME)";
				SWIFT_VERSION = 5.0;
				TARGETED_DEVICE_FAMILY = "1,2";
			};
			name = Release;
		};
/* End XCBuildConfiguration section */

/* Begin XCConfigurationList section */
		9FF2203C26A8371100D017D9 /* Build configuration list for PBXProject "RxExercise" */ = {
			isa = XCConfigurationList;
			buildConfigurations = (
				9FF2205326A8371300D017D9 /* Debug */,
				9FF2205426A8371300D017D9 /* Release */,
			);
			defaultConfigurationIsVisible = 0;
			defaultConfigurationName = Release;
		};
		9FF2205526A8371300D017D9 /* Build configuration list for PBXNativeTarget "RxExercise" */ = {
			isa = XCConfigurationList;
			buildConfigurations = (
				9FF2205626A8371300D017D9 /* Debug */,
				9FF2205726A8371300D017D9 /* Release */,
			);
			defaultConfigurationIsVisible = 0;
			defaultConfigurationName = Release;
		};
/* End XCConfigurationList section */
	};
	rootObject = 9FF2203926A8371100D017D9 /* Project object */;
}
